
Microsoft Visual Studio Solution File, Format Version 12.00
# Visual Studio Version 16
VisualStudioVersion = 16.0.31515.178
MinimumVisualStudioVersion = 10.0.40219.1
Project("{FAE04EC0-301F-11D3-BF4B-00C04F79EFBC}") = "Calculadora-V.1.0", "Calculadora-V.1.0\Calculadora-V.1.0.csproj", "{5F98BD14-A574-478F-9524-5948C4B92DC9}"
EndProject
Global
	GlobalSection(SolutionConfigurationPlatforms) = preSolution
		Debug|Any CPU = Debug|Any CPU
		Release|Any CPU = Release|Any CPU
	EndGlobalSection
	GlobalSection(ProjectConfigurationPlatforms) = postSolution
		{5F98BD14-A574-478F-9524-5948C4B92DC9}.Debug|Any CPU.ActiveCfg = Debug|Any CPU
		{5F98BD14-A574-478F-9524-5948C4B92DC9}.Debug|Any CPU.Build.0 = Debug|Any CPU
		{5F98BD14-A574-478F-9524-5948C4B92DC9}.Release|Any CPU.ActiveCfg = Release|Any CPU
		{5F98BD14-A574-478F-9524-5948C4B92DC9}.Release|Any CPU.Build.0 = Release|Any CPU
	EndGlobalSection
	GlobalSection(SolutionProperties) = preSolution
		HideSolutionNode = FALSE
	EndGlobalSection
	GlobalSection(ExtensibilityGlobals) = postSolution
		SolutionGuid = {0ED25D47-E7FF-4575-BCD3-CD7A363552D6}
	EndGlobalSection
EndGlobal
